# THIS IS AN AUTOGENERATED FILE. DO NOT EDIT THIS FILE DIRECTLY.
# yarn lockfile v1


"@polymer/polymer@2.2.0", "@polymer/polymer@^2.2.0":
  version "2.2.0"
  resolved "https://registry.yarnpkg.com/@polymer/polymer/-/polymer-2.2.0.tgz#aa3b1cd94b7c32e3a365ae6acec6421def0f5fac"

"@webcomponents/webcomponentsjs@^1.0.19":
  version "1.0.19"
  resolved "https://registry.yarnpkg.com/@webcomponents/webcomponentsjs/-/webcomponentsjs-1.0.19.tgz#13849257b86a04dcf434fb145398d2cd081dee79"

profilex-common-css@^1.0.7:
  version "1.0.7"
  resolved "https://registry.yarnpkg.com/profilex-common-css/-/profilex-common-css-1.0.7.tgz#2bedd5825c663613a97664c0c57c633af9fec2c4"

profilex-polymer-behaviors@^1.0.1:
  version "1.0.1"
  resolved "https://registry.yarnpkg.com/profilex-polymer-behaviors/-/profilex-polymer-behaviors-1.0.1.tgz#06da4c8fefa16ba935741b93d423cbe00e8fd4c5"
